// !$*UTF8*$!
{
	archiveVersion = 1;
	classes = {
	};
	objectVersion = 52;
	objects = {

/* Begin PBXBuildFile section */
		5356EF16266D4CD8006EEFCF /* ExampleApp.swift in Sources */ = {isa = PBXBuildFile; fileRef = 5356EF15266D4CD8006EEFCF /* ExampleApp.swift */; };
		5356EF18266D4CD8006EEFCF /* ContentView.swift in Sources */ = {isa = PBXBuildFile; fileRef = 5356EF17266D4CD8006EEFCF /* ContentView.swift */; };
		5356EF1A266D4CD9006EEFCF /* Assets.xcassets in Resources */ = {isa = PBXBuildFile; fileRef = 5356EF19266D4CD9006EEFCF /* Assets.xcassets */; };
		5356EF26266D4E04006EEFCF /* ExampleKit in Frameworks */ = {isa = PBXBuildFile; productRef = 5356EF25266D4E04006EEFCF /* ExampleKit */; };
		53BCC8B4266D586D00F9574D /* ExampleUITests.swift in Sources */ = {isa = PBXBuildFile; fileRef = 53BCC8B3266D586D00F9574D /* ExampleUITests.swift */; };
		53BCC8BC266D587A00F9574D /* ExampleKit in Frameworks */ = {isa = PBXBuildFile; productRef = 53BCC8BB266D587A00F9574D /* ExampleKit */; };
		53BCC8C0266D6F1700F9574D /* ContentViewModel.swift in Sources */ = {isa = PBXBuildFile; fileRef = 53BCC8BF266D6F1700F9574D /* ContentViewModel.swift */; };
/* End PBXBuildFile section */

/* Begin PBXContainerItemProxy section */
		53BCC8B6266D586D00F9574D /* PBXContainerItemProxy */ = {
			isa = PBXContainerItemProxy;
			containerPortal = 5356EF0A266D4CD8006EEFCF /* Project object */;
			proxyType = 1;
			remoteGlobalIDString = 5356EF11266D4CD8006EEFCF;
			remoteInfo = Example;
		};
/* End PBXContainerItemProxy section */

/* Begin PBXFileReference section */
		5356EF12266D4CD8006EEFCF /* Example.app */ = {isa = PBXFileReference; explicitFileType = wrapper.application; includeInIndex = 0; path = Example.app; sourceTree = BUILT_PRODUCTS_DIR; };
		5356EF15266D4CD8006EEFCF /* ExampleApp.swift */ = {isa = PBXFileReference; lastKnownFileType = sourcecode.swift; path = ExampleApp.swift; sourceTree = "<group>"; };
		5356EF17266D4CD8006EEFCF /* ContentView.swift */ = {isa = PBXFileReference; lastKnownFileType = sourcecode.swift; path = ContentView.swift; sourceTree = "<group>"; };
		5356EF19266D4CD9006EEFCF /* Assets.xcassets */ = {isa = PBXFileReference; lastKnownFileType = folder.assetcatalog; path = Assets.xcassets; sourceTree = "<group>"; };
		5356EF1E266D4CD9006EEFCF /* Info.plist */ = {isa = PBXFileReference; lastKnownFileType = text.plist.xml; path = Info.plist; sourceTree = "<group>"; };
		53BCC8B1266D586D00F9574D /* ExampleUITests.xctest */ = {isa = PBXFileReference; explicitFileType = wrapper.cfbundle; includeInIndex = 0; path = ExampleUITests.xctest; sourceTree = BUILT_PRODUCTS_DIR; };
		53BCC8B3266D586D00F9574D /* ExampleUITests.swift */ = {isa = PBXFileReference; lastKnownFileType = sourcecode.swift; path = ExampleUITests.swift; sourceTree = "<group>"; };
		53BCC8B5266D586D00F9574D /* Info.plist */ = {isa = PBXFileReference; lastKnownFileType = text.plist.xml; path = Info.plist; sourceTree = "<group>"; };
		53BCC8BF266D6F1700F9574D /* ContentViewModel.swift */ = {isa = PBXFileReference; lastKnownFileType = sourcecode.swift; path = ContentViewModel.swift; sourceTree = "<group>"; };
/* End PBXFileReference section */

/* Begin PBXFrameworksBuildPhase section */
		5356EF0F266D4CD8006EEFCF /* Frameworks */ = {
			isa = PBXFrameworksBuildPhase;
			buildActionMask = 2147483647;
			files = (
				5356EF26266D4E04006EEFCF /* ExampleKit in Frameworks */,
			);
			runOnlyForDeploymentPostprocessing = 0;
		};
		53BCC8AE266D586D00F9574D /* Frameworks */ = {
			isa = PBXFrameworksBuildPhase;
			buildActionMask = 2147483647;
			files = (
				53BCC8BC266D587A00F9574D /* ExampleKit in Frameworks */,
			);
			runOnlyForDeploymentPostprocessing = 0;
		};
/* End PBXFrameworksBuildPhase section */

/* Begin PBXGroup section */
		5356EF09266D4CD8006EEFCF = {
			isa = PBXGroup;
			children = (
				5356EF14266D4CD8006EEFCF /* Example */,
				53BCC8B2266D586D00F9574D /* ExampleUITests */,
				5356EF13266D4CD8006EEFCF /* Products */,
				5356EF24266D4E04006EEFCF /* Frameworks */,
			);
			sourceTree = "<group>";
		};
		5356EF13266D4CD8006EEFCF /* Products */ = {
			isa = PBXGroup;
			children = (
				5356EF12266D4CD8006EEFCF /* Example.app */,
				53BCC8B1266D586D00F9574D /* ExampleUITests.xctest */,
			);
			name = Products;
			sourceTree = "<group>";
		};
		5356EF14266D4CD8006EEFCF /* Example */ = {
			isa = PBXGroup;
			children = (
				5356EF15266D4CD8006EEFCF /* ExampleApp.swift */,
				53BCC8BF266D6F1700F9574D /* ContentViewModel.swift */,
				5356EF17266D4CD8006EEFCF /* ContentView.swift */,
				5356EF19266D4CD9006EEFCF /* Assets.xcassets */,
				5356EF1E266D4CD9006EEFCF /* Info.plist */,
			);
			path = Example;
			sourceTree = "<group>";
		};
		5356EF24266D4E04006EEFCF /* Frameworks */ = {
			isa = PBXGroup;
			children = (
			);
			name = Frameworks;
			sourceTree = "<group>";
		};
		53BCC8B2266D586D00F9574D /* ExampleUITests */ = {
			isa = PBXGroup;
			children = (
				53BCC8B3266D586D00F9574D /* ExampleUITests.swift */,
				53BCC8B5266D586D00F9574D /* Info.plist */,
			);
			path = ExampleUITests;
			sourceTree = "<group>";
		};
/* End PBXGroup section */

/* Begin PBXNativeTarget section */
		5356EF11266D4CD8006EEFCF /* Example */ = {
			isa = PBXNativeTarget;
			buildConfigurationList = 5356EF21266D4CD9006EEFCF /* Build configuration list for PBXNativeTarget "Example" */;
			buildPhases = (
				5356EF0E266D4CD8006EEFCF /* Sources */,
				5356EF0F266D4CD8006EEFCF /* Frameworks */,
				5356EF10266D4CD8006EEFCF /* Resources */,
			);
			buildRules = (
			);
			dependencies = (
			);
			name = Example;
			packageProductDependencies = (
				5356EF25266D4E04006EEFCF /* ExampleKit */,
			);
			productName = Example;
			productReference = 5356EF12266D4CD8006EEFCF /* Example.app */;
			productType = "com.apple.product-type.application";
		};
		53BCC8B0266D586D00F9574D /* ExampleUITests */ = {
			isa = PBXNativeTarget;
			buildConfigurationList = 53BCC8BA266D586D00F9574D /* Build configuration list for PBXNativeTarget "ExampleUITests" */;
			buildPhases = (
				53BCC8AD266D586D00F9574D /* Sources */,
				53BCC8AE266D586D00F9574D /* Frameworks */,
				53BCC8AF266D586D00F9574D /* Resources */,
			);
			buildRules = (
			);
			dependencies = (
				53BCC8B7266D586D00F9574D /* PBXTargetDependency */,
			);
			name = ExampleUITests;
			packageProductDependencies = (
				53BCC8BB266D587A00F9574D /* ExampleKit */,
			);
			productName = ExampleUITests;
			productReference = 53BCC8B1266D586D00F9574D /* ExampleUITests.xctest */;
			productType = "com.apple.product-type.bundle.ui-testing";
		};
/* End PBXNativeTarget section */

/* Begin PBXProject section */
		5356EF0A266D4CD8006EEFCF /* Project object */ = {
			isa = PBXProject;
			attributes = {
				LastSwiftUpdateCheck = 1250;
				LastUpgradeCheck = 1250;
				TargetAttributes = {
					5356EF11266D4CD8006EEFCF = {
						CreatedOnToolsVersion = 12.5;
					};
					53BCC8B0266D586D00F9574D = {
						CreatedOnToolsVersion = 12.5;
						TestTargetID = 5356EF11266D4CD8006EEFCF;
					};
				};
			};
			buildConfigurationList = 5356EF0D266D4CD8006EEFCF /* Build configuration list for PBXProject "Example" */;
			compatibilityVersion = "Xcode 9.3";
			developmentRegion = en;
			hasScannedForEncodings = 0;
			knownRegions = (
				en,
				Base,
			);
			mainGroup = 5356EF09266D4CD8006EEFCF;
			productRefGroup = 5356EF13266D4CD8006EEFCF /* Products */;
			projectDirPath = "";
			projectRoot = "";
			targets = (
				5356EF11266D4CD8006EEFCF /* Example */,
				53BCC8B0266D586D00F9574D /* ExampleUITests */,
			);
		};
/* End PBXProject section */

/* Begin PBXResourcesBuildPhase section */
		5356EF10266D4CD8006EEFCF /* Resources */ = {
			isa = PBXResourcesBuildPhase;
			buildActionMask = 2147483647;
			files = (
				5356EF1A266D4CD9006EEFCF /* Assets.xcassets in Resources */,
			);
			runOnlyForDeploymentPostprocessing = 0;
		};
		53BCC8AF266D586D00F9574D /* Resources */ = {
			isa = PBXResourcesBuildPhase;
			buildActionMask = 2147483647;
			files = (
			);
			runOnlyForDeploymentPostprocessing = 0;
		};
/* End PBXResourcesBuildPhase section */

/* Begin PBXSourcesBuildPhase section */
		5356EF0E266D4CD8006EEFCF /* Sources */ = {
			isa = PBXSourcesBuildPhase;
			buildActionMask = 2147483647;
			files = (
				5356EF18266D4CD8006EEFCF /* ContentView.swift in Sources */,
				5356EF16266D4CD8006EEFCF /* ExampleApp.swift in Sources */,
				53BCC8C0266D6F1700F9574D /* ContentViewModel.swift in Sources */,
			);
			runOnlyForDeploymentPostprocessing = 0;
		};
		53BCC8AD266D586D00F9574D /* Sources */ = {
			isa = PBXSourcesBuildPhase;
			buildActionMask = 2147483647;
			files = (
				53BCC8B4266D586D00F9574D /* ExampleUITests.swift in Sources */,
			);
			runOnlyForDeploymentPostprocessing = 0;
		};
/* End PBXSourcesBuildPhase section */

/* Begin PBXTargetDependency section */
		53BCC8B7266D586D00F9574D /* PBXTargetDependency */ = {
			isa = PBXTargetDependency;
			target = 5356EF11266D4CD8006EEFCF /* Example */;
			targetProxy = 53BCC8B6266D586D00F9574D /* PBXContainerItemProxy */;
		};
/* End PBXTargetDependency section */

/* Begin XCBuildConfiguration section */
		5356EF1F266D4CD9006EEFCF /* Debug */ = {
			isa = XCBuildConfiguration;
			buildSettings = {
				ALWAYS_SEARCH_USER_PATHS = NO;
				CLANG_ANALYZER_NONNULL = YES;
				CLANG_ANALYZER_NUMBER_OBJECT_CONVERSION = YES_AGGRESSIVE;
				CLANG_CXX_LANGUAGE_STANDARD = "gnu++14";
				CLANG_CXX_LIBRARY = "libc++";
				CLANG_ENABLE_MODULES = YES;
				CLANG_ENABLE_OBJC_ARC = YES;
				CLANG_ENABLE_OBJC_WEAK = YES;
				CLANG_WARN_BLOCK_CAPTURE_AUTORELEASING = YES;
				CLANG_WARN_BOOL_CONVERSION = YES;
				CLANG_WARN_COMMA = YES;
				CLANG_WARN_CONSTANT_CONVERSION = YES;
				CLANG_WARN_DEPRECATED_OBJC_IMPLEMENTATIONS = YES;
				CLANG_WARN_DIRECT_OBJC_ISA_USAGE = YES_ERROR;
				CLANG_WARN_DOCUMENTATION_COMMENTS = YES;
				CLANG_WARN_EMPTY_BODY = YES;
				CLANG_WARN_ENUM_CONVERSION = YES;
				CLANG_WARN_INFINITE_RECURSION = YES;
				CLANG_WARN_INT_CONVERSION = YES;
				CLANG_WARN_NON_LITERAL_NULL_CONVERSION = YES;
				CLANG_WARN_OBJC_IMPLICIT_RETAIN_SELF = YES;
				CLANG_WARN_OBJC_LITERAL_CONVERSION = YES;
				CLANG_WARN_OBJC_ROOT_CLASS = YES_ERROR;
				CLANG_WARN_QUOTED_INCLUDE_IN_FRAMEWORK_HEADER = YES;
				CLANG_WARN_RANGE_LOOP_ANALYSIS = YES;
				CLANG_WARN_STRICT_PROTOTYPES = YES;
				CLANG_WARN_SUSPICIOUS_MOVE = YES;
				CLANG_WARN_UNGUARDED_AVAILABILITY = YES_AGGRESSIVE;
				CLANG_WARN_UNREACHABLE_CODE = YES;
				CLANG_WARN__DUPLICATE_METHOD_MATCH = YES;
				COPY_PHASE_STRIP = NO;
				DEBUG_INFORMATION_FORMAT = dwarf;
				ENABLE_STRICT_OBJC_MSGSEND = YES;
				ENABLE_TESTABILITY = YES;
				GCC_C_LANGUAGE_STANDARD = gnu11;
				GCC_DYNAMIC_NO_PIC = NO;
				GCC_NO_COMMON_BLOCKS = YES;
				GCC_OPTIMIZATION_LEVEL = 0;
				GCC_PREPROCESSOR_DEFINITIONS = (
					"DEBUG=1",
					"$(inherited)",
				);
				GCC_WARN_64_TO_32_BIT_CONVERSION = YES;
				GCC_WARN_ABOUT_RETURN_TYPE = YES_ERROR;
				GCC_WARN_UNDECLARED_SELECTOR = YES;
				GCC_WARN_UNINITIALIZED_AUTOS = YES_AGGRESSIVE;
				GCC_WARN_UNUSED_FUNCTION = YES;
				GCC_WARN_UNUSED_VARIABLE = YES;
				IPHONEOS_DEPLOYMENT_TARGET = 14.5;
				MTL_ENABLE_DEBUG_INFO = INCLUDE_SOURCE;
				MTL_FAST_MATH = YES;
				ONLY_ACTIVE_ARCH = YES;
				SDKROOT = iphoneos;
				SWIFT_ACTIVE_COMPILATION_CONDITIONS = DEBUG;
				SWIFT_OPTIMIZATION_LEVEL = "-Onone";
			};
			name = Debug;
		};
		5356EF20266D4CD9006EEFCF /* Release */ = {
			isa = XCBuildConfiguration;
			buildSettings = {
				ALWAYS_SEARCH_USER_PATHS = NO;
				CLANG_ANALYZER_NONNULL = YES;
				CLANG_ANALYZER_NUMBER_OBJECT_CONVERSION = YES_AGGRESSIVE;
				CLANG_CXX_LANGUAGE_STANDARD = "gnu++14";
				CLANG_CXX_LIBRARY = "libc++";
				CLANG_ENABLE_MODULES = YES;
				CLANG_ENABLE_OBJC_ARC = YES;
				CLANG_ENABLE_OBJC_WEAK = YES;
				CLANG_WARN_BLOCK_CAPTURE_AUTORELEASING = YES;
				CLANG_WARN_BOOL_CONVERSION = YES;
				CLANG_WARN_COMMA = YES;
				CLANG_WARN_CONSTANT_CONVERSION = YES;
				CLANG_WARN_DEPRECATED_OBJC_IMPLEMENTATIONS = YES;
				CLANG_WARN_DIRECT_OBJC_ISA_USAGE = YES_ERROR;
				CLANG_WARN_DOCUMENTATION_COMMENTS = YES;
				CLANG_WARN_EMPTY_BODY = YES;
				CLANG_WARN_ENUM_CONVERSION = YES;
				CLANG_WARN_INFINITE_RECURSION = YES;
				CLANG_WARN_INT_CONVERSION = YES;
				CLANG_WARN_NON_LITERAL_NULL_CONVERSION = YES;
				CLANG_WARN_OBJC_IMPLICIT_RETAIN_SELF = YES;
				CLANG_WARN_OBJC_LITERAL_CONVERSION = YES;
				CLANG_WARN_OBJC_ROOT_CLASS = YES_ERROR;
				CLANG_WARN_QUOTED_INCLUDE_IN_FRAMEWORK_HEADER = YES;
				CLANG_WARN_RANGE_LOOP_ANALYSIS = YES;
				CLANG_WARN_STRICT_PROTOTYPES = YES;
				CLANG_WARN_SUSPICIOUS_MOVE = YES;
				CLANG_WARN_UNGUARDED_AVAILABILITY = YES_AGGRESSIVE;
				CLANG_WARN_UNREACHABLE_CODE = YES;
				CLANG_WARN__DUPLICATE_METHOD_MATCH = YES;
				COPY_PHASE_STRIP = NO;
				DEBUG_INFORMATION_FORMAT = "dwarf-with-dsym";
				ENABLE_NS_ASSERTIONS = NO;
				ENABLE_STRICT_OBJC_MSGSEND = YES;
				GCC_C_LANGUAGE_STANDARD = gnu11;
				GCC_NO_COMMON_BLOCKS = YES;
				GCC_WARN_64_TO_32_BIT_CONVERSION = YES;
				GCC_WARN_ABOUT_RETURN_TYPE = YES_ERROR;
				GCC_WARN_UNDECLARED_SELECTOR = YES;
				GCC_WARN_UNINITIALIZED_AUTOS = YES_AGGRESSIVE;
				GCC_WARN_UNUSED_FUNCTION = YES;
				GCC_WARN_UNUSED_VARIABLE = YES;
				IPHONEOS_DEPLOYMENT_TARGET = 14.5;
				MTL_ENABLE_DEBUG_INFO = NO;
				MTL_FAST_MATH = YES;
				SDKROOT = iphoneos;
				SWIFT_COMPILATION_MODE = wholemodule;
				SWIFT_OPTIMIZATION_LEVEL = "-O";
				VALIDATE_PRODUCT = YES;
			};
			name = Release;
		};
		5356EF22266D4CD9006EEFCF /* Debug */ = {
			isa = XCBuildConfiguration;
			buildSettings = {
				ASSETCATALOG_COMPILER_APPICON_NAME = AppIcon;
				ASSETCATALOG_COMPILER_GLOBAL_ACCENT_COLOR_NAME = AccentColor;
				CODE_SIGN_STYLE = Automatic;
				DEVELOPMENT_ASSET_PATHS = "";
				ENABLE_PREVIEWS = YES;
				INFOPLIST_FILE = Example/Info.plist;
				IPHONEOS_DEPLOYMENT_TARGET = 14.0;
				LD_RUNPATH_SEARCH_PATHS = (
					"$(inherited)",
					"@executable_path/Frameworks",
				);
				PRODUCT_BUNDLE_IDENTIFIER = com.cookpad.Example;
				PRODUCT_NAME = "$(TARGET_NAME)";
				SWIFT_VERSION = 5.0;
				TARGETED_DEVICE_FAMILY = "1,2";
			};
			name = Debug;
		};
		5356EF23266D4CD9006EEFCF /* Release */ = {
			isa = XCBuildConfiguration;
			buildSettings = {
				ASSETCATALOG_COMPILER_APPICON_NAME = AppIcon;
				ASSETCATALOG_COMPILER_GLOBAL_ACCENT_COLOR_NAME = AccentColor;
				CODE_SIGN_STYLE = Automatic;
				DEVELOPMENT_ASSET_PATHS = "";
				ENABLE_PREVIEWS = YES;
				INFOPLIST_FILE = Example/Info.plist;
				IPHONEOS_DEPLOYMENT_TARGET = 14.0;
				LD_RUNPATH_SEARCH_PATHS = (
					"$(inherited)",
					"@executable_path/Frameworks",
				);
				PRODUCT_BUNDLE_IDENTIFIER = com.cookpad.Example;
				PRODUCT_NAME = "$(TARGET_NAME)";
				SWIFT_VERSION = 5.0;
				TARGETED_DEVICE_FAMILY = "1,2";
			};
			name = Release;
		};
		53BCC8B8266D586D00F9574D /* Debug */ = {
			isa = XCBuildConfiguration;
			buildSettings = {
				CODE_SIGN_STYLE = Automatic;
				INFOPLIST_FILE = ExampleUITests/Info.plist;
				LD_RUNPATH_SEARCH_PATHS = (
					"$(inherited)",
					"@executable_path/Frameworks",
					"@loader_path/Frameworks",
				);
				PRODUCT_BUNDLE_IDENTIFIER = com.cookpad.ExampleUITests;
				PRODUCT_NAME = "$(TARGET_NAME)";
				SWIFT_VERSION = 5.0;
				TARGETED_DEVICE_FAMILY = "1,2";
				TEST_TARGET_NAME = Example;
			};
			name = Debug;
		};
		53BCC8B9266D586D00F9574D /* Release */ = {
			isa = XCBuildConfiguration;
			buildSettings = {
				CODE_SIGN_STYLE = Automatic;
				INFOPLIST_FILE = ExampleUITests/Info.plist;
				LD_RUNPATH_SEARCH_PATHS = (
					"$(inherited)",
					"@executable_path/Frameworks",
					"@loader_path/Frameworks",
				);
				PRODUCT_BUNDLE_IDENTIFIER = com.cookpad.ExampleUITests;
				PRODUCT_NAME = "$(TARGET_NAME)";
				SWIFT_VERSION = 5.0;
				TARGETED_DEVICE_FAMILY = "1,2";
				TEST_TARGET_NAME = Example;
			};
			name = Release;
		};
/* End XCBuildConfiguration section */

/* Begin XCConfigurationList section */
		5356EF0D266D4CD8006EEFCF /* Build configuration list for PBXProject "Example" */ = {
			isa = XCConfigurationList;
			buildConfigurations = (
				5356EF1F266D4CD9006EEFCF /* Debug */,
				5356EF20266D4CD9006EEFCF /* Release */,
			);
			defaultConfigurationIsVisible = 0;
			defaultConfigurationName = Release;
		};
		5356EF21266D4CD9006EEFCF /* Build configuration list for PBXNativeTarget "Example" */ = {
			isa = XCConfigurationList;
			buildConfigurations = (
				5356EF22266D4CD9006EEFCF /* Debug */,
				5356EF23266D4CD9006EEFCF /* Release */,
			);
			defaultConfigurationIsVisible = 0;
			defaultConfigurationName = Release;
		};
		53BCC8BA266D586D00F9574D /* Build configuration list for PBXNativeTarget "ExampleUITests" */ = {
			isa = XCConfigurationList;
			buildConfigurations = (
				53BCC8B8266D586D00F9574D /* Debug */,
				53BCC8B9266D586D00F9574D /* Release */,
			);
			defaultConfigurationIsVisible = 0;
			defaultConfigurationName = Release;
		};
/* End XCConfigurationList section */

/* Begin XCSwiftPackageProductDependency section */
		5356EF25266D4E04006EEFCF /* ExampleKit */ = {
			isa = XCSwiftPackageProductDependency;
			productName = ExampleKit;
		};
		53BCC8BB266D587A00F9574D /* ExampleKit */ = {
			isa = XCSwiftPackageProductDependency;
			productName = ExampleKit;
		};
/* End XCSwiftPackageProductDependency section */
	};
	rootObject = 5356EF0A266D4CD8006EEFCF /* Project object */;
}
